
Microsoft Visual Studio Solution File, Format Version 12.00
# Visual Studio Version 17
VisualStudioVersion = 17.10.35122.118
MinimumVisualStudioVersion = 10.0.40219.1
Project("{FAE04EC0-301F-11D3-BF4B-00C04F79EFBC}") = "ServiceLayerConnection", "ServiceLayerConnection\ServiceLayerConnection.csproj", "{8317CFF5-0E26-400F-AE64-D8F95071A9AD}"
EndProject
Global
	GlobalSection(SolutionConfigurationPlatforms) = preSolution
		Debug|Any CPU = Debug|Any CPU
		Release|Any CPU = Release|Any CPU
	EndGlobalSection
	GlobalSection(ProjectConfigurationPlatforms) = postSolution
		{8317CFF5-0E26-400F-AE64-D8F95071A9AD}.Debug|Any CPU.ActiveCfg = Debug|Any CPU
		{8317CFF5-0E26-400F-AE64-D8F95071A9AD}.Debug|Any CPU.Build.0 = Debug|Any CPU
		{8317CFF5-0E26-400F-AE64-D8F95071A9AD}.Release|Any CPU.ActiveCfg = Release|Any CPU
		{8317CFF5-0E26-400F-AE64-D8F95071A9AD}.Release|Any CPU.Build.0 = Release|Any CPU
	EndGlobalSection
	GlobalSection(SolutionProperties) = preSolution
		HideSolutionNode = FALSE
	EndGlobalSection
	GlobalSection(ExtensibilityGlobals) = postSolution
		SolutionGuid = {F29AED2F-26B9-4B0E-9402-B51039C7F9CA}
	EndGlobalSection
EndGlobal
